
Microsoft Visual Studio Solution File, Format Version 12.00
# Visual Studio Version 17
VisualStudioVersion = 17.13.35825.156 d17.13
MinimumVisualStudioVersion = 10.0.40219.1
Project("{FAE04EC0-301F-11D3-BF4B-00C04F79EFBC}") = "AdoNet", "AdoNet\AdoNet.csproj", "{4818B154-EB10-40AE-85D0-EE87BDA1462C}"
EndProject
Global
	GlobalSection(SolutionConfigurationPlatforms) = preSolution
		Debug|Any CPU = Debug|Any CPU
		Release|Any CPU = Release|Any CPU
	EndGlobalSection
	GlobalSection(ProjectConfigurationPlatforms) = postSolution
		{4818B154-EB10-40AE-85D0-EE87BDA1462C}.Debug|Any CPU.ActiveCfg = Debug|Any CPU
		{4818B154-EB10-40AE-85D0-EE87BDA1462C}.Debug|Any CPU.Build.0 = Debug|Any CPU
		{4818B154-EB10-40AE-85D0-EE87BDA1462C}.Release|Any CPU.ActiveCfg = Release|Any CPU
		{4818B154-EB10-40AE-85D0-EE87BDA1462C}.Release|Any CPU.Build.0 = Release|Any CPU
	EndGlobalSection
	GlobalSection(SolutionProperties) = preSolution
		HideSolutionNode = FALSE
	EndGlobalSection
	GlobalSection(ExtensibilityGlobals) = postSolution
		SolutionGuid = {C2AB9D5C-86BD-499A-BF3B-2A7BEF766EC0}
	EndGlobalSection
EndGlobal
